
Microsoft Visual Studio Solution File, Format Version 12.00
# Visual Studio Version 17
VisualStudioVersion = 17.13.35913.81 d17.13
MinimumVisualStudioVersion = 10.0.40219.1
Project("{FAE04EC0-301F-11D3-BF4B-00C04F79EFBC}") = "RoadsOfRussiaMobile.Android", "RoadsOfRussiaMobile\RoadsOfRussiaMobile.Android\RoadsOfRussiaMobile.Android.csproj", "{F90E26FC-6B4B-4196-A284-FD9BAF2FA2B2}"
EndProject
Project("{FAE04EC0-301F-11D3-BF4B-00C04F79EFBC}") = "RoadsOfRussiaMobile", "RoadsOfRussiaMobile\RoadsOfRussiaMobile\RoadsOfRussiaMobile.csproj", "{DEA50652-B78B-46C4-90D4-2C34F643F909}"
EndProject
Global
	GlobalSection(SolutionConfigurationPlatforms) = preSolution
		Debug|Any CPU = Debug|Any CPU
		Release|Any CPU = Release|Any CPU
	EndGlobalSection
	GlobalSection(ProjectConfigurationPlatforms) = postSolution
		{F90E26FC-6B4B-4196-A284-FD9BAF2FA2B2}.Debug|Any CPU.ActiveCfg = Debug|Any CPU
		{F90E26FC-6B4B-4196-A284-FD9BAF2FA2B2}.Debug|Any CPU.Build.0 = Debug|Any CPU
		{F90E26FC-6B4B-4196-A284-FD9BAF2FA2B2}.Debug|Any CPU.Deploy.0 = Debug|Any CPU
		{F90E26FC-6B4B-4196-A284-FD9BAF2FA2B2}.Release|Any CPU.ActiveCfg = Release|Any CPU
		{F90E26FC-6B4B-4196-A284-FD9BAF2FA2B2}.Release|Any CPU.Build.0 = Release|Any CPU
		{F90E26FC-6B4B-4196-A284-FD9BAF2FA2B2}.Release|Any CPU.Deploy.0 = Release|Any CPU
		{DEA50652-B78B-46C4-90D4-2C34F643F909}.Debug|Any CPU.ActiveCfg = Debug|Any CPU
		{DEA50652-B78B-46C4-90D4-2C34F643F909}.Debug|Any CPU.Build.0 = Debug|Any CPU
		{DEA50652-B78B-46C4-90D4-2C34F643F909}.Debug|Any CPU.Deploy.0 = Debug|Any CPU
		{DEA50652-B78B-46C4-90D4-2C34F643F909}.Release|Any CPU.ActiveCfg = Release|Any CPU
		{DEA50652-B78B-46C4-90D4-2C34F643F909}.Release|Any CPU.Build.0 = Release|Any CPU
		{DEA50652-B78B-46C4-90D4-2C34F643F909}.Release|Any CPU.Deploy.0 = Release|Any CPU
	EndGlobalSection
	GlobalSection(SolutionProperties) = preSolution
		HideSolutionNode = FALSE
	EndGlobalSection
	GlobalSection(ExtensibilityGlobals) = postSolution
		SolutionGuid = {7CD877E0-FB5C-4090-9411-C23E48027184}
	EndGlobalSection
EndGlobal
